
Microsoft Visual Studio Solution File, Format Version 12.00
# Visual Studio Version 16
VisualStudioVersion = 16.0.30709.132
MinimumVisualStudioVersion = 10.0.40219.1
Project("{FAE04EC0-301F-11D3-BF4B-00C04F79EFBC}") = "Market", "Market\Market.csproj", "{C9B490E9-51CF-4DF5-9F6C-A4F1D7776CFB}"
EndProject
Global
	GlobalSection(SolutionConfigurationPlatforms) = preSolution
		Debug|Any CPU = Debug|Any CPU
		Release|Any CPU = Release|Any CPU
	EndGlobalSection
	GlobalSection(ProjectConfigurationPlatforms) = postSolution
		{C9B490E9-51CF-4DF5-9F6C-A4F1D7776CFB}.Debug|Any CPU.ActiveCfg = Debug|Any CPU
		{C9B490E9-51CF-4DF5-9F6C-A4F1D7776CFB}.Debug|Any CPU.Build.0 = Debug|Any CPU
		{C9B490E9-51CF-4DF5-9F6C-A4F1D7776CFB}.Release|Any CPU.ActiveCfg = Release|Any CPU
		{C9B490E9-51CF-4DF5-9F6C-A4F1D7776CFB}.Release|Any CPU.Build.0 = Release|Any CPU
	EndGlobalSection
	GlobalSection(SolutionProperties) = preSolution
		HideSolutionNode = FALSE
	EndGlobalSection
	GlobalSection(ExtensibilityGlobals) = postSolution
		SolutionGuid = {D7EC6221-124F-48EC-845B-A4FA61216DC5}
	EndGlobalSection
EndGlobal
